// !$*UTF8*$!
{
	archiveVersion = 1;
	classes = {
	};
	objectVersion = 50;
	objects = {

/* Begin PBXBuildFile section */
		50A9A2EFC4413D994483F79A /* Pods_Makestagram.framework in Frameworks */ = {isa = PBXBuildFile; fileRef = 764EF92C91ED67391C36D53F /* Pods_Makestagram.framework */; };
		BC6104F320F25D3C007479B8 /* AppDelegate.swift in Sources */ = {isa = PBXBuildFile; fileRef = BC6104F220F25D3C007479B8 /* AppDelegate.swift */; };
		BC6104F820F25D3C007479B8 /* Main.storyboard in Resources */ = {isa = PBXBuildFile; fileRef = BC6104F620F25D3C007479B8 /* Main.storyboard */; };
		BC6104FA20F25D3D007479B8 /* Assets.xcassets in Resources */ = {isa = PBXBuildFile; fileRef = BC6104F920F25D3D007479B8 /* Assets.xcassets */; };
		BC6104FD20F25D3D007479B8 /* LaunchScreen.storyboard in Resources */ = {isa = PBXBuildFile; fileRef = BC6104FB20F25D3D007479B8 /* LaunchScreen.storyboard */; };
		BC61050520F25FDF007479B8 /* GoogleService-Info.plist in Resources */ = {isa = PBXBuildFile; fileRef = BC61050420F25FDF007479B8 /* GoogleService-Info.plist */; };
		BC866E5D20F2657100C0624A /* Login.storyboard in Resources */ = {isa = PBXBuildFile; fileRef = BC866E5C20F2657100C0624A /* Login.storyboard */; };
		BC866E6120F2683500C0624A /* LoginViewController.swift in Sources */ = {isa = PBXBuildFile; fileRef = BC866E6020F2683500C0624A /* LoginViewController.swift */; };
		BC866E6320F27DFC00C0624A /* User.swift in Sources */ = {isa = PBXBuildFile; fileRef = BC866E6220F27DFC00C0624A /* User.swift */; };
		BC866E6520F2807B00C0624A /* CreateUsernameViewController.swift in Sources */ = {isa = PBXBuildFile; fileRef = BC866E6420F2807B00C0624A /* CreateUsernameViewController.swift */; };
		BC866E6720F2836B00C0624A /* UserService.swift in Sources */ = {isa = PBXBuildFile; fileRef = BC866E6620F2836B00C0624A /* UserService.swift */; };
		BC866E6920F288FD00C0624A /* Constants.swift in Sources */ = {isa = PBXBuildFile; fileRef = BC866E6820F288FD00C0624A /* Constants.swift */; };
		BC866E6B20F28A9C00C0624A /* Storyboard+Utility.swift in Sources */ = {isa = PBXBuildFile; fileRef = BC866E6A20F28A9C00C0624A /* Storyboard+Utility.swift */; };
		BC866E6D20F295F800C0624A /* HomeViewController.swift in Sources */ = {isa = PBXBuildFile; fileRef = BC866E6C20F295F800C0624A /* HomeViewController.swift */; };
		BC866E6F20F2960500C0624A /* FindFriendsViewController.swift in Sources */ = {isa = PBXBuildFile; fileRef = BC866E6E20F2960500C0624A /* FindFriendsViewController.swift */; };
		BC866E7120F2A86900C0624A /* MainTabBarController.swift in Sources */ = {isa = PBXBuildFile; fileRef = BC866E7020F2A86900C0624A /* MainTabBarController.swift */; };
		BC866E7320F2A9D600C0624A /* MGPhotoHelper.swift in Sources */ = {isa = PBXBuildFile; fileRef = BC866E7220F2A9D600C0624A /* MGPhotoHelper.swift */; };
		BC866E7520F2AF3A00C0624A /* StorageService.swift in Sources */ = {isa = PBXBuildFile; fileRef = BC866E7420F2AF3A00C0624A /* StorageService.swift */; };
		BC866E7720F2AF7300C0624A /* PostService.swift in Sources */ = {isa = PBXBuildFile; fileRef = BC866E7620F2AF7300C0624A /* PostService.swift */; };
		BC866E7920F2BB0300C0624A /* Post.swift in Sources */ = {isa = PBXBuildFile; fileRef = BC866E7820F2BB0300C0624A /* Post.swift */; };
		BC866E7B20F2BCEF00C0624A /* UIImage+Size.swift in Sources */ = {isa = PBXBuildFile; fileRef = BC866E7A20F2BCEF00C0624A /* UIImage+Size.swift */; };
		BC866E7D20F2BEB600C0624A /* StorageReference+Post.swift in Sources */ = {isa = PBXBuildFile; fileRef = BC866E7C20F2BEB600C0624A /* StorageReference+Post.swift */; };
/* End PBXBuildFile section */

/* Begin PBXFileReference section */
		764EF92C91ED67391C36D53F /* Pods_Makestagram.framework */ = {isa = PBXFileReference; explicitFileType = wrapper.framework; includeInIndex = 0; path = Pods_Makestagram.framework; sourceTree = BUILT_PRODUCTS_DIR; };
		880F55D26691752E99E00C3A /* Pods-Makestagram.release.xcconfig */ = {isa = PBXFileReference; includeInIndex = 1; lastKnownFileType = text.xcconfig; name = "Pods-Makestagram.release.xcconfig"; path = "Pods/Target Support Files/Pods-Makestagram/Pods-Makestagram.release.xcconfig"; sourceTree = "<group>"; };
		BC6104EF20F25D3C007479B8 /* Makestagram.app */ = {isa = PBXFileReference; explicitFileType = wrapper.application; includeInIndex = 0; path = Makestagram.app; sourceTree = BUILT_PRODUCTS_DIR; };
		BC6104F220F25D3C007479B8 /* AppDelegate.swift */ = {isa = PBXFileReference; lastKnownFileType = sourcecode.swift; path = AppDelegate.swift; sourceTree = "<group>"; };
		BC6104F720F25D3C007479B8 /* Base */ = {isa = PBXFileReference; lastKnownFileType = file.storyboard; name = Base; path = Base.lproj/Main.storyboard; sourceTree = "<group>"; };
		BC6104F920F25D3D007479B8 /* Assets.xcassets */ = {isa = PBXFileReference; lastKnownFileType = folder.assetcatalog; path = Assets.xcassets; sourceTree = "<group>"; };
		BC6104FC20F25D3D007479B8 /* Base */ = {isa = PBXFileReference; lastKnownFileType = file.storyboard; name = Base; path = Base.lproj/LaunchScreen.storyboard; sourceTree = "<group>"; };
		BC6104FE20F25D3D007479B8 /* Info.plist */ = {isa = PBXFileReference; lastKnownFileType = text.plist.xml; path = Info.plist; sourceTree = "<group>"; };
		BC61050420F25FDF007479B8 /* GoogleService-Info.plist */ = {isa = PBXFileReference; fileEncoding = 4; lastKnownFileType = text.plist.xml; path = "GoogleService-Info.plist"; sourceTree = "<group>"; };
		BC866E5C20F2657100C0624A /* Login.storyboard */ = {isa = PBXFileReference; lastKnownFileType = file.storyboard; path = Login.storyboard; sourceTree = "<group>"; };
		BC866E6020F2683500C0624A /* LoginViewController.swift */ = {isa = PBXFileReference; lastKnownFileType = sourcecode.swift; path = LoginViewController.swift; sourceTree = "<group>"; };
		BC866E6220F27DFC00C0624A /* User.swift */ = {isa = PBXFileReference; lastKnownFileType = sourcecode.swift; path = User.swift; sourceTree = "<group>"; };
		BC866E6420F2807B00C0624A /* CreateUsernameViewController.swift */ = {isa = PBXFileReference; lastKnownFileType = sourcecode.swift; path = CreateUsernameViewController.swift; sourceTree = "<group>"; };
		BC866E6620F2836B00C0624A /* UserService.swift */ = {isa = PBXFileReference; lastKnownFileType = sourcecode.swift; path = UserService.swift; sourceTree = "<group>"; };
		BC866E6820F288FD00C0624A /* Constants.swift */ = {isa = PBXFileReference; lastKnownFileType = sourcecode.swift; path = Constants.swift; sourceTree = "<group>"; };
		BC866E6A20F28A9C00C0624A /* Storyboard+Utility.swift */ = {isa = PBXFileReference; lastKnownFileType = sourcecode.swift; path = "Storyboard+Utility.swift"; sourceTree = "<group>"; };
		BC866E6C20F295F800C0624A /* HomeViewController.swift */ = {isa = PBXFileReference; lastKnownFileType = sourcecode.swift; path = HomeViewController.swift; sourceTree = "<group>"; };
		BC866E6E20F2960500C0624A /* FindFriendsViewController.swift */ = {isa = PBXFileReference; lastKnownFileType = sourcecode.swift; path = FindFriendsViewController.swift; sourceTree = "<group>"; };
		BC866E7020F2A86900C0624A /* MainTabBarController.swift */ = {isa = PBXFileReference; lastKnownFileType = sourcecode.swift; path = MainTabBarController.swift; sourceTree = "<group>"; };
		BC866E7220F2A9D600C0624A /* MGPhotoHelper.swift */ = {isa = PBXFileReference; lastKnownFileType = sourcecode.swift; path = MGPhotoHelper.swift; sourceTree = "<group>"; };
		BC866E7420F2AF3A00C0624A /* StorageService.swift */ = {isa = PBXFileReference; lastKnownFileType = sourcecode.swift; path = StorageService.swift; sourceTree = "<group>"; };
		BC866E7620F2AF7300C0624A /* PostService.swift */ = {isa = PBXFileReference; lastKnownFileType = sourcecode.swift; path = PostService.swift; sourceTree = "<group>"; };
		BC866E7820F2BB0300C0624A /* Post.swift */ = {isa = PBXFileReference; lastKnownFileType = sourcecode.swift; path = Post.swift; sourceTree = "<group>"; };
		BC866E7A20F2BCEF00C0624A /* UIImage+Size.swift */ = {isa = PBXFileReference; lastKnownFileType = sourcecode.swift; path = "UIImage+Size.swift"; sourceTree = "<group>"; };
		BC866E7C20F2BEB600C0624A /* StorageReference+Post.swift */ = {isa = PBXFileReference; lastKnownFileType = sourcecode.swift; path = "StorageReference+Post.swift"; sourceTree = "<group>"; };
		FE4FF467E043EFB6E363B0F7 /* Pods-Makestagram.debug.xcconfig */ = {isa = PBXFileReference; includeInIndex = 1; lastKnownFileType = text.xcconfig; name = "Pods-Makestagram.debug.xcconfig"; path = "Pods/Target Support Files/Pods-Makestagram/Pods-Makestagram.debug.xcconfig"; sourceTree = "<group>"; };
/* End PBXFileReference section */

/* Begin PBXFrameworksBuildPhase section */
		BC6104EC20F25D3C007479B8 /* Frameworks */ = {
			isa = PBXFrameworksBuildPhase;
			buildActionMask = 2147483647;
			files = (
				50A9A2EFC4413D994483F79A /* Pods_Makestagram.framework in Frameworks */,
			);
			runOnlyForDeploymentPostprocessing = 0;
		};
/* End PBXFrameworksBuildPhase section */

/* Begin PBXGroup section */
		0E913925DC2681BC440EC4E9 /* Frameworks */ = {
			isa = PBXGroup;
			children = (
				764EF92C91ED67391C36D53F /* Pods_Makestagram.framework */,
			);
			name = Frameworks;
			sourceTree = "<group>";
		};
		41B51C8CDC0A0695EE216B9C /* Pods */ = {
			isa = PBXGroup;
			children = (
				FE4FF467E043EFB6E363B0F7 /* Pods-Makestagram.debug.xcconfig */,
				880F55D26691752E99E00C3A /* Pods-Makestagram.release.xcconfig */,
			);
			name = Pods;
			sourceTree = "<group>";
		};
		BC6104E620F25D3C007479B8 = {
			isa = PBXGroup;
			children = (
				BC6104F120F25D3C007479B8 /* Makestagram */,
				BC6104F020F25D3C007479B8 /* Products */,
				41B51C8CDC0A0695EE216B9C /* Pods */,
				0E913925DC2681BC440EC4E9 /* Frameworks */,
			);
			sourceTree = "<group>";
		};
		BC6104F020F25D3C007479B8 /* Products */ = {
			isa = PBXGroup;
			children = (
				BC6104EF20F25D3C007479B8 /* Makestagram.app */,
			);
			name = Products;
			sourceTree = "<group>";
		};
		BC6104F120F25D3C007479B8 /* Makestagram */ = {
			isa = PBXGroup;
			children = (
				BC6104F220F25D3C007479B8 /* AppDelegate.swift */,
				BC61050620F261DA007479B8 /* Controllers */,
				BC61050720F261E5007479B8 /* Extensions */,
				BC61050920F2620C007479B8 /* Models */,
				BC61050820F261F6007479B8 /* Helpers */,
				BC61050A20F26217007479B8 /* Services */,
				BC61050B20F26220007479B8 /* Storyboards */,
				BC61050C20F26224007479B8 /* Supporting Files */,
				BC61050D20F26230007479B8 /* Views */,
				BC6104F920F25D3D007479B8 /* Assets.xcassets */,
			);
			path = Makestagram;
			sourceTree = "<group>";
		};
		BC61050620F261DA007479B8 /* Controllers */ = {
			isa = PBXGroup;
			children = (
				BC866E6020F2683500C0624A /* LoginViewController.swift */,
				BC866E7020F2A86900C0624A /* MainTabBarController.swift */,
				BC866E6C20F295F800C0624A /* HomeViewController.swift */,
				BC866E6E20F2960500C0624A /* FindFriendsViewController.swift */,
				BC866E6420F2807B00C0624A /* CreateUsernameViewController.swift */,
			);
			path = Controllers;
			sourceTree = "<group>";
		};
		BC61050720F261E5007479B8 /* Extensions */ = {
			isa = PBXGroup;
			children = (
				BC866E6A20F28A9C00C0624A /* Storyboard+Utility.swift */,
				BC866E7A20F2BCEF00C0624A /* UIImage+Size.swift */,
				BC866E7C20F2BEB600C0624A /* StorageReference+Post.swift */,
			);
			path = Extensions;
			sourceTree = "<group>";
		};
		BC61050820F261F6007479B8 /* Helpers */ = {
			isa = PBXGroup;
			children = (
				BC866E7220F2A9D600C0624A /* MGPhotoHelper.swift */,
			);
			path = Helpers;
			sourceTree = "<group>";
		};
		BC61050920F2620C007479B8 /* Models */ = {
			isa = PBXGroup;
			children = (
				BC866E6220F27DFC00C0624A /* User.swift */,
				BC866E7820F2BB0300C0624A /* Post.swift */,
			);
			path = Models;
			sourceTree = "<group>";
		};
		BC61050A20F26217007479B8 /* Services */ = {
			isa = PBXGroup;
			children = (
				BC866E6620F2836B00C0624A /* UserService.swift */,
				BC866E7420F2AF3A00C0624A /* StorageService.swift */,
				BC866E7620F2AF7300C0624A /* PostService.swift */,
			);
			path = Services;
			sourceTree = "<group>";
		};
		BC61050B20F26220007479B8 /* Storyboards */ = {
			isa = PBXGroup;
			children = (
				BC6104F620F25D3C007479B8 /* Main.storyboard */,
				BC866E5C20F2657100C0624A /* Login.storyboard */,
				BC6104FB20F25D3D007479B8 /* LaunchScreen.storyboard */,
			);
			path = Storyboards;
			sourceTree = "<group>";
		};
		BC61050C20F26224007479B8 /* Supporting Files */ = {
			isa = PBXGroup;
			children = (
				BC6104FE20F25D3D007479B8 /* Info.plist */,
				BC61050420F25FDF007479B8 /* GoogleService-Info.plist */,
				BC866E6820F288FD00C0624A /* Constants.swift */,
			);
			path = "Supporting Files";
			sourceTree = "<group>";
		};
		BC61050D20F26230007479B8 /* Views */ = {
			isa = PBXGroup;
			children = (
			);
			path = Views;
			sourceTree = "<group>";
		};
/* End PBXGroup section */

/* Begin PBXNativeTarget section */
		BC6104EE20F25D3C007479B8 /* Makestagram */ = {
			isa = PBXNativeTarget;
			buildConfigurationList = BC61050120F25D3D007479B8 /* Build configuration list for PBXNativeTarget "Makestagram" */;
			buildPhases = (
				BC7664A5107F31947100B79A /* [CP] Check Pods Manifest.lock */,
				BC6104EB20F25D3C007479B8 /* Sources */,
				BC6104EC20F25D3C007479B8 /* Frameworks */,
				BC6104ED20F25D3C007479B8 /* Resources */,
				D1BD715761592295364792E7 /* [CP] Embed Pods Frameworks */,
				04595F927CFC037638A3B083 /* [CP] Copy Pods Resources */,
			);
			buildRules = (
			);
			dependencies = (
			);
			name = Makestagram;
			productName = Makestagram;
			productReference = BC6104EF20F25D3C007479B8 /* Makestagram.app */;
			productType = "com.apple.product-type.application";
		};
/* End PBXNativeTarget section */

/* Begin PBXProject section */
		BC6104E720F25D3C007479B8 /* Project object */ = {
			isa = PBXProject;
			attributes = {
				LastSwiftUpdateCheck = 0940;
				LastUpgradeCheck = 0940;
				ORGANIZATIONNAME = "Make School";
				TargetAttributes = {
					BC6104EE20F25D3C007479B8 = {
						CreatedOnToolsVersion = 9.4.1;
					};
				};
			};
			buildConfigurationList = BC6104EA20F25D3C007479B8 /* Build configuration list for PBXProject "Makestagram" */;
			compatibilityVersion = "Xcode 9.3";
			developmentRegion = en;
			hasScannedForEncodings = 0;
			knownRegions = (
				en,
				Base,
			);
			mainGroup = BC6104E620F25D3C007479B8;
			productRefGroup = BC6104F020F25D3C007479B8 /* Products */;
			projectDirPath = "";
			projectRoot = "";
			targets = (
				BC6104EE20F25D3C007479B8 /* Makestagram */,
			);
		};
/* End PBXProject section */

/* Begin PBXResourcesBuildPhase section */
		BC6104ED20F25D3C007479B8 /* Resources */ = {
			isa = PBXResourcesBuildPhase;
			buildActionMask = 2147483647;
			files = (
				BC6104FD20F25D3D007479B8 /* LaunchScreen.storyboard in Resources */,
				BC61050520F25FDF007479B8 /* GoogleService-Info.plist in Resources */,
				BC6104FA20F25D3D007479B8 /* Assets.xcassets in Resources */,
				BC866E5D20F2657100C0624A /* Login.storyboard in Resources */,
				BC6104F820F25D3C007479B8 /* Main.storyboard in Resources */,
			);
			runOnlyForDeploymentPostprocessing = 0;
		};
/* End PBXResourcesBuildPhase section */

/* Begin PBXShellScriptBuildPhase section */
		04595F927CFC037638A3B083 /* [CP] Copy Pods Resources */ = {
			isa = PBXShellScriptBuildPhase;
			buildActionMask = 2147483647;
			files = (
			);
			inputPaths = (
				"${SRCROOT}/Pods/Target Support Files/Pods-Makestagram/Pods-Makestagram-resources.sh",
				"${PODS_CONFIGURATION_BUILD_DIR}/FirebaseUI/FirebaseAuthUI.bundle",
			);
			name = "[CP] Copy Pods Resources";
			outputPaths = (
				"${TARGET_BUILD_DIR}/${UNLOCALIZED_RESOURCES_FOLDER_PATH}/FirebaseAuthUI.bundle",
			);
			runOnlyForDeploymentPostprocessing = 0;
			shellPath = /bin/sh;
			shellScript = "\"${SRCROOT}/Pods/Target Support Files/Pods-Makestagram/Pods-Makestagram-resources.sh\"\n";
			showEnvVarsInLog = 0;
		};
		BC7664A5107F31947100B79A /* [CP] Check Pods Manifest.lock */ = {
			isa = PBXShellScriptBuildPhase;
			buildActionMask = 2147483647;
			files = (
			);
			inputPaths = (
				"${PODS_PODFILE_DIR_PATH}/Podfile.lock",
				"${PODS_ROOT}/Manifest.lock",
			);
			name = "[CP] Check Pods Manifest.lock";
			outputPaths = (
				"$(DERIVED_FILE_DIR)/Pods-Makestagram-checkManifestLockResult.txt",
			);
			runOnlyForDeploymentPostprocessing = 0;
			shellPath = /bin/sh;
			shellScript = "diff \"${PODS_PODFILE_DIR_PATH}/Podfile.lock\" \"${PODS_ROOT}/Manifest.lock\" > /dev/null\nif [ $? != 0 ] ; then\n    # print error to STDERR\n    echo \"error: The sandbox is not in sync with the Podfile.lock. Run 'pod install' or update your CocoaPods installation.\" >&2\n    exit 1\nfi\n# This output is used by Xcode 'outputs' to avoid re-running this script phase.\necho \"SUCCESS\" > \"${SCRIPT_OUTPUT_FILE_0}\"\n";
			showEnvVarsInLog = 0;
		};
		D1BD715761592295364792E7 /* [CP] Embed Pods Frameworks */ = {
			isa = PBXShellScriptBuildPhase;
			buildActionMask = 2147483647;
			files = (
			);
			inputPaths = (
				"${SRCROOT}/Pods/Target Support Files/Pods-Makestagram/Pods-Makestagram-frameworks.sh",
				"${BUILT_PRODUCTS_DIR}/GTMSessionFetcher/GTMSessionFetcher.framework",
				"${BUILT_PRODUCTS_DIR}/GoogleToolboxForMac/GoogleToolboxForMac.framework",
				"${BUILT_PRODUCTS_DIR}/leveldb-library/leveldb.framework",
				"${BUILT_PRODUCTS_DIR}/nanopb/nanopb.framework",
			);
			name = "[CP] Embed Pods Frameworks";
			outputPaths = (
				"${TARGET_BUILD_DIR}/${FRAMEWORKS_FOLDER_PATH}/GTMSessionFetcher.framework",
				"${TARGET_BUILD_DIR}/${FRAMEWORKS_FOLDER_PATH}/GoogleToolboxForMac.framework",
				"${TARGET_BUILD_DIR}/${FRAMEWORKS_FOLDER_PATH}/leveldb.framework",
				"${TARGET_BUILD_DIR}/${FRAMEWORKS_FOLDER_PATH}/nanopb.framework",
			);
			runOnlyForDeploymentPostprocessing = 0;
			shellPath = /bin/sh;
			shellScript = "\"${SRCROOT}/Pods/Target Support Files/Pods-Makestagram/Pods-Makestagram-frameworks.sh\"\n";
			showEnvVarsInLog = 0;
		};
/* End PBXShellScriptBuildPhase section */

/* Begin PBXSourcesBuildPhase section */
		BC6104EB20F25D3C007479B8 /* Sources */ = {
			isa = PBXSourcesBuildPhase;
			buildActionMask = 2147483647;
			files = (
				BC866E6320F27DFC00C0624A /* User.swift in Sources */,
				BC866E7520F2AF3A00C0624A /* StorageService.swift in Sources */,
				BC866E6720F2836B00C0624A /* UserService.swift in Sources */,
				BC866E7120F2A86900C0624A /* MainTabBarController.swift in Sources */,
				BC866E6120F2683500C0624A /* LoginViewController.swift in Sources */,
				BC866E7920F2BB0300C0624A /* Post.swift in Sources */,
				BC866E7B20F2BCEF00C0624A /* UIImage+Size.swift in Sources */,
				BC866E6D20F295F800C0624A /* HomeViewController.swift in Sources */,
				BC866E7320F2A9D600C0624A /* MGPhotoHelper.swift in Sources */,
				BC866E6520F2807B00C0624A /* CreateUsernameViewController.swift in Sources */,
				BC866E6F20F2960500C0624A /* FindFriendsViewController.swift in Sources */,
				BC866E7D20F2BEB600C0624A /* StorageReference+Post.swift in Sources */,
				BC6104F320F25D3C007479B8 /* AppDelegate.swift in Sources */,
				BC866E7720F2AF7300C0624A /* PostService.swift in Sources */,
				BC866E6B20F28A9C00C0624A /* Storyboard+Utility.swift in Sources */,
				BC866E6920F288FD00C0624A /* Constants.swift in Sources */,
			);
			runOnlyForDeploymentPostprocessing = 0;
		};
/* End PBXSourcesBuildPhase section */

/* Begin PBXVariantGroup section */
		BC6104F620F25D3C007479B8 /* Main.storyboard */ = {
			isa = PBXVariantGroup;
			children = (
				BC6104F720F25D3C007479B8 /* Base */,
			);
			name = Main.storyboard;
			sourceTree = "<group>";
		};
		BC6104FB20F25D3D007479B8 /* LaunchScreen.storyboard */ = {
			isa = PBXVariantGroup;
			children = (
				BC6104FC20F25D3D007479B8 /* Base */,
			);
			name = LaunchScreen.storyboard;
			sourceTree = "<group>";
		};
/* End PBXVariantGroup section */

/* Begin XCBuildConfiguration section */
		BC6104FF20F25D3D007479B8 /* Debug */ = {
			isa = XCBuildConfiguration;
			buildSettings = {
				ALWAYS_SEARCH_USER_PATHS = NO;
				CLANG_ANALYZER_NONNULL = YES;
				CLANG_ANALYZER_NUMBER_OBJECT_CONVERSION = YES_AGGRESSIVE;
				CLANG_CXX_LANGUAGE_STANDARD = "gnu++14";
				CLANG_CXX_LIBRARY = "libc++";
				CLANG_ENABLE_MODULES = YES;
				CLANG_ENABLE_OBJC_ARC = YES;
				CLANG_ENABLE_OBJC_WEAK = YES;
				CLANG_WARN_BLOCK_CAPTURE_AUTORELEASING = YES;
				CLANG_WARN_BOOL_CONVERSION = YES;
				CLANG_WARN_COMMA = YES;
				CLANG_WARN_CONSTANT_CONVERSION = YES;
				CLANG_WARN_DEPRECATED_OBJC_IMPLEMENTATIONS = YES;
				CLANG_WARN_DIRECT_OBJC_ISA_USAGE = YES_ERROR;
				CLANG_WARN_DOCUMENTATION_COMMENTS = YES;
				CLANG_WARN_EMPTY_BODY = YES;
				CLANG_WARN_ENUM_CONVERSION = YES;
				CLANG_WARN_INFINITE_RECURSION = YES;
				CLANG_WARN_INT_CONVERSION = YES;
				CLANG_WARN_NON_LITERAL_NULL_CONVERSION = YES;
				CLANG_WARN_OBJC_IMPLICIT_RETAIN_SELF = YES;
				CLANG_WARN_OBJC_LITERAL_CONVERSION = YES;
				CLANG_WARN_OBJC_ROOT_CLASS = YES_ERROR;
				CLANG_WARN_RANGE_LOOP_ANALYSIS = YES;
				CLANG_WARN_STRICT_PROTOTYPES = YES;
				CLANG_WARN_SUSPICIOUS_MOVE = YES;
				CLANG_WARN_UNGUARDED_AVAILABILITY = YES_AGGRESSIVE;
				CLANG_WARN_UNREACHABLE_CODE = YES;
				CLANG_WARN__DUPLICATE_METHOD_MATCH = YES;
				CODE_SIGN_IDENTITY = "iPhone Developer";
				COPY_PHASE_STRIP = NO;
				DEBUG_INFORMATION_FORMAT = dwarf;
				ENABLE_STRICT_OBJC_MSGSEND = YES;
				ENABLE_TESTABILITY = YES;
				GCC_C_LANGUAGE_STANDARD = gnu11;
				GCC_DYNAMIC_NO_PIC = NO;
				GCC_NO_COMMON_BLOCKS = YES;
				GCC_OPTIMIZATION_LEVEL = 0;
				GCC_PREPROCESSOR_DEFINITIONS = (
					"DEBUG=1",
					"$(inherited)",
				);
				GCC_WARN_64_TO_32_BIT_CONVERSION = YES;
				GCC_WARN_ABOUT_RETURN_TYPE = YES_ERROR;
				GCC_WARN_UNDECLARED_SELECTOR = YES;
				GCC_WARN_UNINITIALIZED_AUTOS = YES_AGGRESSIVE;
				GCC_WARN_UNUSED_FUNCTION = YES;
				GCC_WARN_UNUSED_VARIABLE = YES;
				IPHONEOS_DEPLOYMENT_TARGET = 11.4;
				MTL_ENABLE_DEBUG_INFO = YES;
				ONLY_ACTIVE_ARCH = YES;
				SDKROOT = iphoneos;
				SWIFT_ACTIVE_COMPILATION_CONDITIONS = DEBUG;
				SWIFT_OPTIMIZATION_LEVEL = "-Onone";
			};
			name = Debug;
		};
		BC61050020F25D3D007479B8 /* Release */ = {
			isa = XCBuildConfiguration;
			buildSettings = {
				ALWAYS_SEARCH_USER_PATHS = NO;
				CLANG_ANALYZER_NONNULL = YES;
				CLANG_ANALYZER_NUMBER_OBJECT_CONVERSION = YES_AGGRESSIVE;
				CLANG_CXX_LANGUAGE_STANDARD = "gnu++14";
				CLANG_CXX_LIBRARY = "libc++";
				CLANG_ENABLE_MODULES = YES;
				CLANG_ENABLE_OBJC_ARC = YES;
				CLANG_ENABLE_OBJC_WEAK = YES;
				CLANG_WARN_BLOCK_CAPTURE_AUTORELEASING = YES;
				CLANG_WARN_BOOL_CONVERSION = YES;
				CLANG_WARN_COMMA = YES;
				CLANG_WARN_CONSTANT_CONVERSION = YES;
				CLANG_WARN_DEPRECATED_OBJC_IMPLEMENTATIONS = YES;
				CLANG_WARN_DIRECT_OBJC_ISA_USAGE = YES_ERROR;
				CLANG_WARN_DOCUMENTATION_COMMENTS = YES;
				CLANG_WARN_EMPTY_BODY = YES;
				CLANG_WARN_ENUM_CONVERSION = YES;
				CLANG_WARN_INFINITE_RECURSION = YES;
				CLANG_WARN_INT_CONVERSION = YES;
				CLANG_WARN_NON_LITERAL_NULL_CONVERSION = YES;
				CLANG_WARN_OBJC_IMPLICIT_RETAIN_SELF = YES;
				CLANG_WARN_OBJC_LITERAL_CONVERSION = YES;
				CLANG_WARN_OBJC_ROOT_CLASS = YES_ERROR;
				CLANG_WARN_RANGE_LOOP_ANALYSIS = YES;
				CLANG_WARN_STRICT_PROTOTYPES = YES;
				CLANG_WARN_SUSPICIOUS_MOVE = YES;
				CLANG_WARN_UNGUARDED_AVAILABILITY = YES_AGGRESSIVE;
				CLANG_WARN_UNREACHABLE_CODE = YES;
				CLANG_WARN__DUPLICATE_METHOD_MATCH = YES;
				CODE_SIGN_IDENTITY = "iPhone Developer";
				COPY_PHASE_STRIP = NO;
				DEBUG_INFORMATION_FORMAT = "dwarf-with-dsym";
				ENABLE_NS_ASSERTIONS = NO;
				ENABLE_STRICT_OBJC_MSGSEND = YES;
				GCC_C_LANGUAGE_STANDARD = gnu11;
				GCC_NO_COMMON_BLOCKS = YES;
				GCC_WARN_64_TO_32_BIT_CONVERSION = YES;
				GCC_WARN_ABOUT_RETURN_TYPE = YES_ERROR;
				GCC_WARN_UNDECLARED_SELECTOR = YES;
				GCC_WARN_UNINITIALIZED_AUTOS = YES_AGGRESSIVE;
				GCC_WARN_UNUSED_FUNCTION = YES;
				GCC_WARN_UNUSED_VARIABLE = YES;
				IPHONEOS_DEPLOYMENT_TARGET = 11.4;
				MTL_ENABLE_DEBUG_INFO = NO;
				SDKROOT = iphoneos;
				SWIFT_COMPILATION_MODE = wholemodule;
				SWIFT_OPTIMIZATION_LEVEL = "-O";
				VALIDATE_PRODUCT = YES;
			};
			name = Release;
		};
		BC61050220F25D3D007479B8 /* Debug */ = {
			isa = XCBuildConfiguration;
			baseConfigurationReference = FE4FF467E043EFB6E363B0F7 /* Pods-Makestagram.debug.xcconfig */;
			buildSettings = {
				ASSETCATALOG_COMPILER_APPICON_NAME = AppIcon;
				CODE_SIGN_STYLE = Automatic;
				INFOPLIST_FILE = "$(SRCROOT)/Makestagram/Supporting Files/Info.plist";
				LD_RUNPATH_SEARCH_PATHS = (
					"$(inherited)",
					"@executable_path/Frameworks",
				);
				PRODUCT_BUNDLE_IDENTIFIER = com.MakeSchool.Makestagram2018;
				PRODUCT_NAME = "$(TARGET_NAME)";
				SWIFT_VERSION = 4.0;
				TARGETED_DEVICE_FAMILY = "1,2";
			};
			name = Debug;
		};
		BC61050320F25D3D007479B8 /* Release */ = {
			isa = XCBuildConfiguration;
			baseConfigurationReference = 880F55D26691752E99E00C3A /* Pods-Makestagram.release.xcconfig */;
			buildSettings = {
				ASSETCATALOG_COMPILER_APPICON_NAME = AppIcon;
				CODE_SIGN_STYLE = Automatic;
				INFOPLIST_FILE = "$(SRCROOT)/Makestagram/Supporting Files/Info.plist";
				LD_RUNPATH_SEARCH_PATHS = (
					"$(inherited)",
					"@executable_path/Frameworks",
				);
				PRODUCT_BUNDLE_IDENTIFIER = com.MakeSchool.Makestagram2018;
				PRODUCT_NAME = "$(TARGET_NAME)";
				SWIFT_VERSION = 4.0;
				TARGETED_DEVICE_FAMILY = "1,2";
			};
			name = Release;
		};
/* End XCBuildConfiguration section */

/* Begin XCConfigurationList section */
		BC6104EA20F25D3C007479B8 /* Build configuration list for PBXProject "Makestagram" */ = {
			isa = XCConfigurationList;
			buildConfigurations = (
				BC6104FF20F25D3D007479B8 /* Debug */,
				BC61050020F25D3D007479B8 /* Release */,
			);
			defaultConfigurationIsVisible = 0;
			defaultConfigurationName = Release;
		};
		BC61050120F25D3D007479B8 /* Build configuration list for PBXNativeTarget "Makestagram" */ = {
			isa = XCConfigurationList;
			buildConfigurations = (
				BC61050220F25D3D007479B8 /* Debug */,
				BC61050320F25D3D007479B8 /* Release */,
			);
			defaultConfigurationIsVisible = 0;
			defaultConfigurationName = Release;
		};
/* End XCConfigurationList section */
	};
	rootObject = BC6104E720F25D3C007479B8 /* Project object */;
}
